
Microsoft Visual Studio Solution File, Format Version 12.00
# Visual Studio Version 16
VisualStudioVersion = 16.0.31129.286
MinimumVisualStudioVersion = 10.0.40219.1
Project("{FAE04EC0-301F-11D3-BF4B-00C04F79EFBC}") = "ServerMonitor", "ServerMonitor\ServerMonitor.csproj", "{17B355FA-4D47-44C3-8028-96D5324ED807}"
EndProject
Global
	GlobalSection(SolutionConfigurationPlatforms) = preSolution
		Debug|Any CPU = Debug|Any CPU
		Release|Any CPU = Release|Any CPU
	EndGlobalSection
	GlobalSection(ProjectConfigurationPlatforms) = postSolution
		{17B355FA-4D47-44C3-8028-96D5324ED807}.Debug|Any CPU.ActiveCfg = Debug|Any CPU
		{17B355FA-4D47-44C3-8028-96D5324ED807}.Debug|Any CPU.Build.0 = Debug|Any CPU
		{17B355FA-4D47-44C3-8028-96D5324ED807}.Release|Any CPU.ActiveCfg = Release|Any CPU
		{17B355FA-4D47-44C3-8028-96D5324ED807}.Release|Any CPU.Build.0 = Release|Any CPU
	EndGlobalSection
	GlobalSection(SolutionProperties) = preSolution
		HideSolutionNode = FALSE
	EndGlobalSection
	GlobalSection(ExtensibilityGlobals) = postSolution
		SolutionGuid = {20DAB776-12D7-4E5D-BDE0-26F6B8556DD0}
	EndGlobalSection
EndGlobal
